{
  "name": "catering-flexible-work-miniprogram",
  "version": "1.0.0",
  "lockfileVersion": 3,
  "requires": true,
  "packages": {
    "": {
      "name": "catering-flexible-work-miniprogram",
      "version": "1.0.0",
      "license": "MIT",
      "dependencies": {
        "bootstrap-icons": "^1.13.1",
        "tdesign-miniprogram": "^1.9.5"
      },
      "devDependencies": {
        "@types/wechat-miniprogram": "^3.4.0",
        "typescript": "^4.9.0"
      }
    },
    "node_modules/.pnpm/@types+wechat-miniprogram@3.4.8/node_modules/@types/wechat-miniprogram": {
      "version": "3.4.8",
      "dev": true,
      "license": "MIT"
    },
    "node_modules/.pnpm/typescript@4.9.5": {
      "dev": true
    },
    "node_modules/.pnpm/typescript@4.9.5/node_modules/typescript": {
      "version": "4.9.5",
      "dev": true,
      "license": "Apache-2.0",
      "bin": {
        "tsc": "bin/tsc",
        "tsserver": "bin/tsserver"
      },
      "engines": {
        "node": ">=4.2.0"
      }
    },
    "node_modules/@types/wechat-miniprogram": {
      "resolved": "node_modules/.pnpm/@types+wechat-miniprogram@3.4.8/node_modules/@types/wechat-miniprogram",
      "link": true
    },
    "node_modules/bootstrap-icons": {
      "version": "1.13.1",
      "resolved": "https://registry.npmjs.org/bootstrap-icons/-/bootstrap-icons-1.13.1.tgz",
      "integrity": "sha512-ijombt4v6bv5CLeXvRWKy7CuM3TRTuPEuGaGKvTV5cz65rQSY8RQ2JcHt6b90cBBAC7s8fsf2EkQDldzCoXUjw==",
      "funding": [
        {
          "type": "github",
          "url": "https://github.com/sponsors/twbs"
        },
        {
          "type": "opencollective",
          "url": "https://opencollective.com/bootstrap"
        }
      ],
      "license": "MIT"
    },
    "node_modules/tdesign-miniprogram": {
      "version": "1.9.5",
      "resolved": "https://registry.npmjs.org/tdesign-miniprogram/-/tdesign-miniprogram-1.9.5.tgz",
      "integrity": "sha512-TvuGsQFYSJHDpxsa2mXHkEYAkDsoXmFSX+yu2rUxM6aMIHOdRk3ukaC+C4MqgOU6J9cyaLqaPwnhAW/YMD7xcg==",
      "license": "MIT"
    },
    "node_modules/typescript": {
      "resolved": "node_modules/.pnpm/typescript@4.9.5/node_modules/typescript",
      "link": true
    }
  }
}
