lockfileVersion: '9.0'

settings:
  autoInstallPeers: true
  excludeLinksFromLockfile: false

importers:

  .:
    dependencies:
      tdesign-miniprogram:
        specifier: ^1.10.1
        version: 1.10.1
    devDependencies:
      '@types/wechat-miniprogram':
        specifier: ^3.4.0
        version: 3.4.8
      typescript:
        specifier: ^4.9.0
        version: 4.9.5

packages:

  '@types/wechat-miniprogram@3.4.8':
    resolution: {integrity: sha512-lOqddA707X3SZxVhlZNBZPzYzj7lG/ED2fF30k+aE2oT6R4wfw0Wiup2k2hGrmzYUFyJXfGs01sDCuJMhQMAdg==}

  tdesign-miniprogram@1.10.1:
    resolution: {integrity: sha512-rKM3JYfJGB+R9G/yp6kGVN0Kc0hKqKoQnpoWm7OVrXNsYM0dlJXwTf+WsLkQtgUyfM20taqNaxXD852Bx7IseQ==}

  typescript@4.9.5:
    resolution: {integrity: sha512-1FXk9E2Hm+QzZQ7z+McJiHL4NW1F2EzMu9Nq9i3zAaGqibafqYwCVU6WyWAuyQRRzOlxou8xZSyXLEN8oKj24g==}
    engines: {node: '>=4.2.0'}
    hasBin: true

snapshots:

  '@types/wechat-miniprogram@3.4.8': {}

  tdesign-miniprogram@1.10.1: {}

  typescript@4.9.5: {}
